
Microsoft Visual Studio Solution File, Format Version 12.00
# Visual Studio 14
VisualStudioVersion = 14.0.23107.0
MinimumVisualStudioVersion = 10.0.40219.1
Project("{FAE04EC0-301F-11D3-BF4B-00C04F79EFBC}") = "HonestDealer", "HonestDealer\HonestDealer.csproj", "{95998FFA-0AE9-47D4-A29E-994104293839}"
EndProject
Project("{2150E333-8FDC-42A3-9474-1A3956D46DE8}") = "PublishScripts", "PublishScripts", "{15AF7451-D528-4231-9C92-F15A885909D9}"
EndProject
Project("{2150E333-8FDC-42A3-9474-1A3956D46DE8}") = "Scripts", "Scripts", "{C25447BE-695A-4726-841D-679CD024E738}"
	ProjectSection(SolutionItems) = preProject
		PublishScripts\Scripts\Deploy-AzureResourceGroup.ps1 = PublishScripts\Scripts\Deploy-AzureResourceGroup.ps1
	EndProjectSection
EndProject
Project("{2150E333-8FDC-42A3-9474-1A3956D46DE8}") = "Templates", "Templates", "{AF464E36-E32A-477E-AE86-200FF73A7B82}"
	ProjectSection(SolutionItems) = preProject
		PublishScripts\Templates\HonestDealer.json = PublishScripts\Templates\HonestDealer.json
		PublishScripts\Templates\HonestDealer.param.dev.json = PublishScripts\Templates\HonestDealer.param.dev.json
	EndProjectSection
EndProject
Global
	GlobalSection(SolutionConfigurationPlatforms) = preSolution
		Debug|Any CPU = Debug|Any CPU
		Release|Any CPU = Release|Any CPU
	EndGlobalSection
	GlobalSection(ProjectConfigurationPlatforms) = postSolution
		{95998FFA-0AE9-47D4-A29E-994104293839}.Debug|Any CPU.ActiveCfg = Debug|Any CPU
		{95998FFA-0AE9-47D4-A29E-994104293839}.Debug|Any CPU.Build.0 = Debug|Any CPU
		{95998FFA-0AE9-47D4-A29E-994104293839}.Release|Any CPU.ActiveCfg = Release|Any CPU
		{95998FFA-0AE9-47D4-A29E-994104293839}.Release|Any CPU.Build.0 = Release|Any CPU
	EndGlobalSection
	GlobalSection(SolutionProperties) = preSolution
		HideSolutionNode = FALSE
	EndGlobalSection
	GlobalSection(NestedProjects) = preSolution
		{C25447BE-695A-4726-841D-679CD024E738} = {15AF7451-D528-4231-9C92-F15A885909D9}
		{AF464E36-E32A-477E-AE86-200FF73A7B82} = {15AF7451-D528-4231-9C92-F15A885909D9}
	EndGlobalSection
EndGlobal
